
Microsoft Visual Studio Solution File, Format Version 12.00
# Visual Studio Version 17
VisualStudioVersion = 17.8.34316.72
MinimumVisualStudioVersion = 10.0.40219.1
Project("{C9674DCB-5085-4A16-B785-4C70DD1589BD}") = "SSIS_Martin", "SSIS_Martin\SSIS_Martin.dtproj", "{24096D47-7E4B-4E31-8F64-99DB75CF9FD1}"
EndProject
Global
	GlobalSection(SolutionConfigurationPlatforms) = preSolution
		Development|Default = Development|Default
	EndGlobalSection
	GlobalSection(ProjectConfigurationPlatforms) = postSolution
		{24096D47-7E4B-4E31-8F64-99DB75CF9FD1}.Development|Default.ActiveCfg = Development
		{24096D47-7E4B-4E31-8F64-99DB75CF9FD1}.Development|Default.Build.0 = Development
	EndGlobalSection
	GlobalSection(SolutionProperties) = preSolution
		HideSolutionNode = FALSE
	EndGlobalSection
	GlobalSection(ExtensibilityGlobals) = postSolution
		SolutionGuid = {E5435870-DA50-4995-90E8-F273CBBC95F1}
	EndGlobalSection
EndGlobal
